
Microsoft Visual Studio Solution File, Format Version 12.00
# Visual Studio Version 17
VisualStudioVersion = 17.4.33103.184
MinimumVisualStudioVersion = 10.0.40219.1
Project("{FAE04EC0-301F-11D3-BF4B-00C04F79EFBC}") = "WpfApp1", "WpfApp1\WpfApp1.csproj", "{97033495-7F7D-44C8-AC24-6A00B1C38B72}"
EndProject
Global
	GlobalSection(SolutionConfigurationPlatforms) = preSolution
		Debug|Any CPU = Debug|Any CPU
		Release|Any CPU = Release|Any CPU
	EndGlobalSection
	GlobalSection(ProjectConfigurationPlatforms) = postSolution
		{97033495-7F7D-44C8-AC24-6A00B1C38B72}.Debug|Any CPU.ActiveCfg = Debug|Any CPU
		{97033495-7F7D-44C8-AC24-6A00B1C38B72}.Debug|Any CPU.Build.0 = Debug|Any CPU
		{97033495-7F7D-44C8-AC24-6A00B1C38B72}.Release|Any CPU.ActiveCfg = Release|Any CPU
		{97033495-7F7D-44C8-AC24-6A00B1C38B72}.Release|Any CPU.Build.0 = Release|Any CPU
	EndGlobalSection
	GlobalSection(SolutionProperties) = preSolution
		HideSolutionNode = FALSE
	EndGlobalSection
	GlobalSection(ExtensibilityGlobals) = postSolution
		SolutionGuid = {EF291D52-61B5-43E0-895C-2E66E311173C}
	EndGlobalSection
EndGlobal
